github.com/hugomods/icons v0.6.2 h1:uESGgdnZ0NW/IPNfbGuq1dYG/p5XiqZ9R9CNq0Snr4c=
github.com/hugomods/icons v0.6.2/go.mod h1:cIkSvK6W0q6N4U6n9KGz+QfRWQXAW0INd+1P31gPNGg=
github.com/hugomods/icons/vendors/mdi v0.3.4 h1:JLsD336NM1etMJUYTuYgCf3PG9DqY+6pwicCBP6trCg=
github.com/hugomods/icons/vendors/mdi v0.3.4/go.mod h1:M6vwJqwVlSKGU+WpPRZEEHnpDkFpVI/l3Bl0D90nINM=
github.com/hugomods/video-js v0.1.1 h1:52DgwMZUrXVHbjG7+ke8YmYMXIs3yhn5q0JWz/bhLto=
github.com/hugomods/video-js v0.1.1/go.mod h1:uNF7SDARVaQwpirTpZbKZxqvuKTalYsg2mHPDW5n2vU=
